
Microsoft Visual Studio Solution File, Format Version 12.00
# Visual Studio Version 17
VisualStudioVersion = 17.14.36616.10
MinimumVisualStudioVersion = 10.0.40219.1
Project("{2150E333-8FDC-42A3-9474-1A3956D46DE8}") = "FrontEnd", "FrontEnd", "{02EA681E-C7D8-13C7-8484-4AC65E1B71E8}"
EndProject
Project("{2150E333-8FDC-42A3-9474-1A3956D46DE8}") = "Gateway", "Gateway", "{AC6DF92C-7AA0-4A06-B466-DA94CB6637BC}"
EndProject
Project("{2150E333-8FDC-42A3-9474-1A3956D46DE8}") = "Integration", "Integration", "{26374D57-AE3C-4C1C-B931-CAB308EB6FAE}"
EndProject
Project("{2150E333-8FDC-42A3-9474-1A3956D46DE8}") = "Services", "Services", "{803C27E3-4BF1-447C-96A6-839EA35244CA}"
EndProject
Project("{FAE04EC0-301F-11D3-BF4B-00C04F79EFBC}") = "Alisha.Services.AuthApi", "Alisha.Services.AuthApi\Alisha.Services.AuthApi.csproj", "{A7FC51BF-BE86-4870-BCBC-A27E2BC371F8}"
EndProject
Project("{FAE04EC0-301F-11D3-BF4B-00C04F79EFBC}") = "Alisha.GatewaySolution", "Alisha.GarwaySolution\Alisha.GatewaySolution.csproj", "{92F9A103-33A2-4414-9EDB-AE766F141808}"
EndProject
Global
	GlobalSection(SolutionConfigurationPlatforms) = preSolution
		Debug|Any CPU = Debug|Any CPU
		Release|Any CPU = Release|Any CPU
	EndGlobalSection
	GlobalSection(ProjectConfigurationPlatforms) = postSolution
		{A7FC51BF-BE86-4870-BCBC-A27E2BC371F8}.Debug|Any CPU.ActiveCfg = Debug|Any CPU
		{A7FC51BF-BE86-4870-BCBC-A27E2BC371F8}.Debug|Any CPU.Build.0 = Debug|Any CPU
		{A7FC51BF-BE86-4870-BCBC-A27E2BC371F8}.Release|Any CPU.ActiveCfg = Release|Any CPU
		{A7FC51BF-BE86-4870-BCBC-A27E2BC371F8}.Release|Any CPU.Build.0 = Release|Any CPU
		{92F9A103-33A2-4414-9EDB-AE766F141808}.Debug|Any CPU.ActiveCfg = Debug|Any CPU
		{92F9A103-33A2-4414-9EDB-AE766F141808}.Debug|Any CPU.Build.0 = Debug|Any CPU
		{92F9A103-33A2-4414-9EDB-AE766F141808}.Release|Any CPU.ActiveCfg = Release|Any CPU
		{92F9A103-33A2-4414-9EDB-AE766F141808}.Release|Any CPU.Build.0 = Release|Any CPU
	EndGlobalSection
	GlobalSection(SolutionProperties) = preSolution
		HideSolutionNode = FALSE
	EndGlobalSection
	GlobalSection(NestedProjects) = preSolution
		{A7FC51BF-BE86-4870-BCBC-A27E2BC371F8} = {803C27E3-4BF1-447C-96A6-839EA35244CA}
		{92F9A103-33A2-4414-9EDB-AE766F141808} = {AC6DF92C-7AA0-4A06-B466-DA94CB6637BC}
	EndGlobalSection
	GlobalSection(ExtensibilityGlobals) = postSolution
		SolutionGuid = {6A7C155A-3C74-4785-BF5B-667DC822096D}
	EndGlobalSection
EndGlobal
